
Microsoft Visual Studio Solution File, Format Version 12.00
# Visual Studio 14
VisualStudioVersion = 14.0.25123.0
MinimumVisualStudioVersion = 10.0.40219.1
Project("{8BC9CEB8-8B4A-11D0-8D11-00A0C91BC942}") = "1-3Object", "1-3Object\1-3Object.vcxproj", "{EEA4FA25-B0DF-4BEB-BCC4-6735CB92C2E5}"
EndProject
Project("{8BC9CEB8-8B4A-11D0-8D11-00A0C91BC942}") = "3-2Draw", "3-2Draw\3-2Draw.vcxproj", "{5C63C3C9-98A1-46F2-8616-D3CD36EADCE6}"
EndProject
Project("{8BC9CEB8-8B4A-11D0-8D11-00A0C91BC942}") = "3-3InheritanceAndPoly", "3-3InheritanceAndPoly\3-3InheritanceAndPoly.vcxproj", "{4E7FE451-06D4-4F6C-BBA6-DD810806FE9F}"
EndProject
Project("{8BC9CEB8-8B4A-11D0-8D11-00A0C91BC942}") = "BreakTimer", "BreakTimer\BreakTimer.vcxproj", "{85262856-F1D2-4B7D-847B-2BF60A0FE7DA}"
EndProject
Global
	GlobalSection(SolutionConfigurationPlatforms) = preSolution
		Debug|x64 = Debug|x64
		Debug|x86 = Debug|x86
		Release|x64 = Release|x64
		Release|x86 = Release|x86
	EndGlobalSection
	GlobalSection(ProjectConfigurationPlatforms) = postSolution
		{EEA4FA25-B0DF-4BEB-BCC4-6735CB92C2E5}.Debug|x64.ActiveCfg = Debug|x64
		{EEA4FA25-B0DF-4BEB-BCC4-6735CB92C2E5}.Debug|x64.Build.0 = Debug|x64
		{EEA4FA25-B0DF-4BEB-BCC4-6735CB92C2E5}.Debug|x86.ActiveCfg = Debug|Win32
		{EEA4FA25-B0DF-4BEB-BCC4-6735CB92C2E5}.Debug|x86.Build.0 = Debug|Win32
		{EEA4FA25-B0DF-4BEB-BCC4-6735CB92C2E5}.Release|x64.ActiveCfg = Release|x64
		{EEA4FA25-B0DF-4BEB-BCC4-6735CB92C2E5}.Release|x64.Build.0 = Release|x64
		{EEA4FA25-B0DF-4BEB-BCC4-6735CB92C2E5}.Release|x86.ActiveCfg = Release|Win32
		{EEA4FA25-B0DF-4BEB-BCC4-6735CB92C2E5}.Release|x86.Build.0 = Release|Win32
		{5C63C3C9-98A1-46F2-8616-D3CD36EADCE6}.Debug|x64.ActiveCfg = Debug|x64
		{5C63C3C9-98A1-46F2-8616-D3CD36EADCE6}.Debug|x64.Build.0 = Debug|x64
		{5C63C3C9-98A1-46F2-8616-D3CD36EADCE6}.Debug|x86.ActiveCfg = Debug|Win32
		{5C63C3C9-98A1-46F2-8616-D3CD36EADCE6}.Debug|x86.Build.0 = Debug|Win32
		{5C63C3C9-98A1-46F2-8616-D3CD36EADCE6}.Release|x64.ActiveCfg = Release|x64
		{5C63C3C9-98A1-46F2-8616-D3CD36EADCE6}.Release|x64.Build.0 = Release|x64
		{5C63C3C9-98A1-46F2-8616-D3CD36EADCE6}.Release|x86.ActiveCfg = Release|Win32
		{5C63C3C9-98A1-46F2-8616-D3CD36EADCE6}.Release|x86.Build.0 = Release|Win32
		{4E7FE451-06D4-4F6C-BBA6-DD810806FE9F}.Debug|x64.ActiveCfg = Debug|x64
		{4E7FE451-06D4-4F6C-BBA6-DD810806FE9F}.Debug|x64.Build.0 = Debug|x64
		{4E7FE451-06D4-4F6C-BBA6-DD810806FE9F}.Debug|x86.ActiveCfg = Debug|Win32
		{4E7FE451-06D4-4F6C-BBA6-DD810806FE9F}.Debug|x86.Build.0 = Debug|Win32
		{4E7FE451-06D4-4F6C-BBA6-DD810806FE9F}.Release|x64.ActiveCfg = Release|x64
		{4E7FE451-06D4-4F6C-BBA6-DD810806FE9F}.Release|x64.Build.0 = Release|x64
		{4E7FE451-06D4-4F6C-BBA6-DD810806FE9F}.Release|x86.ActiveCfg = Release|Win32
		{4E7FE451-06D4-4F6C-BBA6-DD810806FE9F}.Release|x86.Build.0 = Release|Win32
		{85262856-F1D2-4B7D-847B-2BF60A0FE7DA}.Debug|x64.ActiveCfg = Debug|x64
		{85262856-F1D2-4B7D-847B-2BF60A0FE7DA}.Debug|x64.Build.0 = Debug|x64
		{85262856-F1D2-4B7D-847B-2BF60A0FE7DA}.Debug|x86.ActiveCfg = Debug|Win32
		{85262856-F1D2-4B7D-847B-2BF60A0FE7DA}.Debug|x86.Build.0 = Debug|Win32
		{85262856-F1D2-4B7D-847B-2BF60A0FE7DA}.Release|x64.ActiveCfg = Release|x64
		{85262856-F1D2-4B7D-847B-2BF60A0FE7DA}.Release|x64.Build.0 = Release|x64
		{85262856-F1D2-4B7D-847B-2BF60A0FE7DA}.Release|x86.ActiveCfg = Release|Win32
		{85262856-F1D2-4B7D-847B-2BF60A0FE7DA}.Release|x86.Build.0 = Release|Win32
	EndGlobalSection
	GlobalSection(SolutionProperties) = preSolution
		HideSolutionNode = FALSE
	EndGlobalSection
EndGlobal
